
Microsoft Visual Studio Solution File, Format Version 12.00
# Visual Studio Version 17
VisualStudioVersion = 17.10.34928.147
MinimumVisualStudioVersion = 10.0.40219.1
Project("{9A19103F-16F7-4668-BE54-9A1E7A4F7556}") = "ShoppingBasketAPI.Api", "ShoppingBasketAPI.Api\ShoppingBasketAPI.Api.csproj", "{3A264D65-D7DE-42E9-A091-56AEFDFB28BE}"
EndProject
Project("{FAE04EC0-301F-11D3-BF4B-00C04F79EFBC}") = "ShippingBasketAPI.Data", "ShippingBasketAPI.Data\ShippingBasketAPI.Data.csproj", "{209D3DCA-15AB-4911-915A-48A10188987A}"
EndProject
Global
	GlobalSection(SolutionConfigurationPlatforms) = preSolution
		Debug|Any CPU = Debug|Any CPU
		Release|Any CPU = Release|Any CPU
	EndGlobalSection
	GlobalSection(ProjectConfigurationPlatforms) = postSolution
		{3A264D65-D7DE-42E9-A091-56AEFDFB28BE}.Debug|Any CPU.ActiveCfg = Debug|Any CPU
		{3A264D65-D7DE-42E9-A091-56AEFDFB28BE}.Debug|Any CPU.Build.0 = Debug|Any CPU
		{3A264D65-D7DE-42E9-A091-56AEFDFB28BE}.Release|Any CPU.ActiveCfg = Release|Any CPU
		{3A264D65-D7DE-42E9-A091-56AEFDFB28BE}.Release|Any CPU.Build.0 = Release|Any CPU
		{209D3DCA-15AB-4911-915A-48A10188987A}.Debug|Any CPU.ActiveCfg = Debug|Any CPU
		{209D3DCA-15AB-4911-915A-48A10188987A}.Debug|Any CPU.Build.0 = Debug|Any CPU
		{209D3DCA-15AB-4911-915A-48A10188987A}.Release|Any CPU.ActiveCfg = Release|Any CPU
		{209D3DCA-15AB-4911-915A-48A10188987A}.Release|Any CPU.Build.0 = Release|Any CPU
	EndGlobalSection
	GlobalSection(SolutionProperties) = preSolution
		HideSolutionNode = FALSE
	EndGlobalSection
	GlobalSection(ExtensibilityGlobals) = postSolution
		SolutionGuid = {D742FEBD-4EF0-4DCD-B0AA-40DC69B08D1B}
	EndGlobalSection
EndGlobal
