
Microsoft Visual Studio Solution File, Format Version 12.00
# Visual Studio Version 17
VisualStudioVersion = 17.10.34928.147
MinimumVisualStudioVersion = 10.0.40219.1
Project("{9A19103F-16F7-4668-BE54-9A1E7A4F7556}") = "ShoppingBasketAPI.Api", "ShoppingBasketAPI.Api\ShoppingBasketAPI.Api.csproj", "{3A264D65-D7DE-42E9-A091-56AEFDFB28BE}"
EndProject
Project("{9A19103F-16F7-4668-BE54-9A1E7A4F7556}") = "ShoppingBasketAPI.Services", "ShoppingBasketAPI.Services\ShoppingBasketAPI.Services.csproj", "{1ABA3F97-9E7E-423E-BD43-D11B879BE4BB}"
EndProject
Project("{9A19103F-16F7-4668-BE54-9A1E7A4F7556}") = "ShoppingBasketAPI.DTOs", "ShoppingBasketAPI.DTOs\ShoppingBasketAPI.DTOs.csproj", "{C951C325-4F05-4774-B0E0-E4D97DCD8DA7}"
EndProject
Project("{9A19103F-16F7-4668-BE54-9A1E7A4F7556}") = "ShoppingBasketAPI.Domain", "ShoppingBasketAPI.Domain\ShoppingBasketAPI.Domain.csproj", "{2FE14BFB-2692-45BD-B459-B22997A8CA0F}"
EndProject
Project("{FAE04EC0-301F-11D3-BF4B-00C04F79EFBC}") = "ShoppingBasketAPI.Data", "ShoppingBasketAPI.Data\ShoppingBasketAPI.Data.csproj", "{C5186234-DAB4-47F6-B449-44E86A690A21}"
EndProject
Global
	GlobalSection(SolutionConfigurationPlatforms) = preSolution
		Debug|Any CPU = Debug|Any CPU
		Release|Any CPU = Release|Any CPU
	EndGlobalSection
	GlobalSection(ProjectConfigurationPlatforms) = postSolution
		{3A264D65-D7DE-42E9-A091-56AEFDFB28BE}.Debug|Any CPU.ActiveCfg = Debug|Any CPU
		{3A264D65-D7DE-42E9-A091-56AEFDFB28BE}.Debug|Any CPU.Build.0 = Debug|Any CPU
		{3A264D65-D7DE-42E9-A091-56AEFDFB28BE}.Release|Any CPU.ActiveCfg = Release|Any CPU
		{3A264D65-D7DE-42E9-A091-56AEFDFB28BE}.Release|Any CPU.Build.0 = Release|Any CPU
		{1ABA3F97-9E7E-423E-BD43-D11B879BE4BB}.Debug|Any CPU.ActiveCfg = Debug|Any CPU
		{1ABA3F97-9E7E-423E-BD43-D11B879BE4BB}.Debug|Any CPU.Build.0 = Debug|Any CPU
		{1ABA3F97-9E7E-423E-BD43-D11B879BE4BB}.Release|Any CPU.ActiveCfg = Release|Any CPU
		{1ABA3F97-9E7E-423E-BD43-D11B879BE4BB}.Release|Any CPU.Build.0 = Release|Any CPU
		{C951C325-4F05-4774-B0E0-E4D97DCD8DA7}.Debug|Any CPU.ActiveCfg = Debug|Any CPU
		{C951C325-4F05-4774-B0E0-E4D97DCD8DA7}.Debug|Any CPU.Build.0 = Debug|Any CPU
		{C951C325-4F05-4774-B0E0-E4D97DCD8DA7}.Release|Any CPU.ActiveCfg = Release|Any CPU
		{C951C325-4F05-4774-B0E0-E4D97DCD8DA7}.Release|Any CPU.Build.0 = Release|Any CPU
		{2FE14BFB-2692-45BD-B459-B22997A8CA0F}.Debug|Any CPU.ActiveCfg = Debug|Any CPU
		{2FE14BFB-2692-45BD-B459-B22997A8CA0F}.Debug|Any CPU.Build.0 = Debug|Any CPU
		{2FE14BFB-2692-45BD-B459-B22997A8CA0F}.Release|Any CPU.ActiveCfg = Release|Any CPU
		{2FE14BFB-2692-45BD-B459-B22997A8CA0F}.Release|Any CPU.Build.0 = Release|Any CPU
		{C5186234-DAB4-47F6-B449-44E86A690A21}.Debug|Any CPU.ActiveCfg = Debug|Any CPU
		{C5186234-DAB4-47F6-B449-44E86A690A21}.Debug|Any CPU.Build.0 = Debug|Any CPU
		{C5186234-DAB4-47F6-B449-44E86A690A21}.Release|Any CPU.ActiveCfg = Release|Any CPU
		{C5186234-DAB4-47F6-B449-44E86A690A21}.Release|Any CPU.Build.0 = Release|Any CPU
	EndGlobalSection
	GlobalSection(SolutionProperties) = preSolution
		HideSolutionNode = FALSE
	EndGlobalSection
	GlobalSection(ExtensibilityGlobals) = postSolution
		SolutionGuid = {D742FEBD-4EF0-4DCD-B0AA-40DC69B08D1B}
	EndGlobalSection
EndGlobal
